
Microsoft Visual Studio Solution File, Format Version 12.00
# Visual Studio 2012
Project("{FAE04EC0-301F-11D3-BF4B-00C04F79EFBC}") = "csvviewer", "csvviewer\csvviewer.csproj", "{D5FCCC4B-7A12-4DBF-8AF1-F7A518C91E12}"
EndProject
Project("{FAE04EC0-301F-11D3-BF4B-00C04F79EFBC}") = "csvviewer_tests", "csvviewer_tests\csvviewer_tests.csproj", "{5ACDF449-9F11-40BF-8602-1F68D023F8E3}"
EndProject
Global
	GlobalSection(SolutionConfigurationPlatforms) = preSolution
		Debug|x86 = Debug|x86
		Release|x86 = Release|x86
	EndGlobalSection
	GlobalSection(ProjectConfigurationPlatforms) = postSolution
		{5ACDF449-9F11-40BF-8602-1F68D023F8E3}.Debug|x86.ActiveCfg = Debug|Any CPU
		{5ACDF449-9F11-40BF-8602-1F68D023F8E3}.Debug|x86.Build.0 = Debug|Any CPU
		{5ACDF449-9F11-40BF-8602-1F68D023F8E3}.Release|x86.ActiveCfg = Release|Any CPU
		{5ACDF449-9F11-40BF-8602-1F68D023F8E3}.Release|x86.Build.0 = Release|Any CPU
		{D5FCCC4B-7A12-4DBF-8AF1-F7A518C91E12}.Debug|x86.ActiveCfg = Debug|x86
		{D5FCCC4B-7A12-4DBF-8AF1-F7A518C91E12}.Debug|x86.Build.0 = Debug|x86
		{D5FCCC4B-7A12-4DBF-8AF1-F7A518C91E12}.Release|x86.ActiveCfg = Release|x86
		{D5FCCC4B-7A12-4DBF-8AF1-F7A518C91E12}.Release|x86.Build.0 = Release|x86
	EndGlobalSection
EndGlobal
